PODS:
  - Capacitor (5.7.8):
    - CapacitorCordova
  - CapacitorApp (5.0.8):
    - Capacitor
  - CapacitorCamera (5.0.10):
    - Capacitor
  - CapacitorCordova (5.7.8)
  - CapacitorDevice (5.0.8):
    - Capacitor
  - CapacitorGeolocation (5.0.8):
    - Capacitor
  - CapacitorNetwork (5.0.8):
    - Capacitor
  - CapacitorPushNotifications (5.1.2):
    - Capacitor

DEPENDENCIES:
  - "Capacitor (from `../../node_modules/@capacitor/ios`)"
  - "CapacitorApp (from `../../node_modules/@capacitor/app`)"
  - "CapacitorCamera (from `../../node_modules/@capacitor/camera`)"
  - "CapacitorCordova (from `../../node_modules/@capacitor/ios`)"
  - "CapacitorDevice (from `../../node_modules/@capacitor/device`)"
  - "CapacitorGeolocation (from `../../node_modules/@capacitor/geolocation`)"
  - "CapacitorNetwork (from `../../node_modules/@capacitor/network`)"
  - "CapacitorPushNotifications (from `../../node_modules/@capacitor/push-notifications`)"

EXTERNAL SOURCES:
  Capacitor:
    :path: "../../node_modules/@capacitor/ios"
  CapacitorApp:
    :path: "../../node_modules/@capacitor/app"
  CapacitorCamera:
    :path: "../../node_modules/@capacitor/camera"
  CapacitorCordova:
    :path: "../../node_modules/@capacitor/ios"
  CapacitorDevice:
    :path: "../../node_modules/@capacitor/device"
  CapacitorGeolocation:
    :path: "../../node_modules/@capacitor/geolocation"
  CapacitorNetwork:
    :path: "../../node_modules/@capacitor/network"
  CapacitorPushNotifications:
    :path: "../../node_modules/@capacitor/push-notifications"

SPEC CHECKSUMS:
  Capacitor: 747aadb4fa786f460d8cd9d0557cb81440a13747
  CapacitorApp: 102e553c3b1fdc255969c39aa19b529675690ef4
  CapacitorCamera: d333715364b5d85422c627aae6db87ef6161352c
  CapacitorCordova: 31ab98dca2ddcee051027a1afe7e8c85c82f7297
  CapacitorDevice: 5f5951e4839ff4e0cbdd50d0865f50933f2b117a
  CapacitorGeolocation: 0572212732f7ee65828d069a9663a274be89b9fc
  CapacitorNetwork: eac95b6a8eb5be7ad1ee8faa2e26a577acd5d625
  CapacitorPushNotifications: 18108623c4f6a2629e7560c07c157820a511bcdd

PODFILE CHECKSUM: 57152b8b84fa31c7b94d957a286ec31c913f821e

COCOAPODS: 1.15.2
