PODS:
  - Capacitor (5.6.0):
    - CapacitorCordova
  - CapacitorApp (5.0.7):
    - Capacitor
  - CapacitorCordova (5.6.0)
  - CapacitorGeolocation (6.0.1):
    - Capacitor
  - CapacitorNetwork (6.0.2):
    - Capacitor
  - CapacitorPushNotifications (6.0.2):
    - Capacitor

DEPENDENCIES:
  - "Capacitor (from `../../../../../../node_modules/@capacitor/ios`)"
  - "CapacitorApp (from `../../../../../../node_modules/@capacitor/app`)"
  - "CapacitorCordova (from `../../../../../../node_modules/@capacitor/ios`)"
  - "CapacitorGeolocation (from `../../../node_modules/@capacitor/geolocation`)"
  - "CapacitorNetwork (from `../../../node_modules/@capacitor/network`)"
  - "CapacitorPushNotifications (from `../../../node_modules/@capacitor/push-notifications`)"

EXTERNAL SOURCES:
  Capacitor:
    :path: "../../../../../../node_modules/@capacitor/ios"
  CapacitorApp:
    :path: "../../../../../../node_modules/@capacitor/app"
  CapacitorCordova:
    :path: "../../../../../../node_modules/@capacitor/ios"
  CapacitorGeolocation:
    :path: "../../../node_modules/@capacitor/geolocation"
  CapacitorNetwork:
    :path: "../../../node_modules/@capacitor/network"
  CapacitorPushNotifications:
    :path: "../../../node_modules/@capacitor/push-notifications"

SPEC CHECKSUMS:
  Capacitor: ebfc16cdb8116d04c101686b080342872da42d43
  CapacitorApp: 17fecd0e6cb23feafac7eb0939417389038b0979
  CapacitorCordova: 931b48fcdbc9bc985fc2f16cec9f77c794a27729
  CapacitorGeolocation: 39dca51d755f08ed1d43e51be55291a402cdc64f
  CapacitorNetwork: 8796cf1f1104a00b289957b6150b7c60e1c2a8d3
  CapacitorPushNotifications: ccd797926c030acad3d5498ef452c735c90a2c89

PODFILE CHECKSUM: 49ce91efed1ed8f8cb5a85f4025f989a811642f3

COCOAPODS: 1.15.0
